
Microsoft Visual Studio Solution File, Format Version 12.00
# Visual Studio 2012
Project("{2150E333-8FDC-42A3-9474-1A3956D46DE8}") = "DesignPattens", "DesignPattens", "{7393BD02-BE9E-4B82-8248-059612A2A5BA}"
EndProject
Project("{FAE04EC0-301F-11D3-BF4B-00C04F79EFBC}") = "Decorator", "Decorator\Decorator.csproj", "{3A0C576F-8F33-4F0B-B23F-D52EB77F044E}"
EndProject
Project("{FAE04EC0-301F-11D3-BF4B-00C04F79EFBC}") = "Proxy", "Proxy\Proxy.csproj", "{84A1B74E-0601-4E9E-8B6A-B4D263B43F34}"
EndProject
Project("{FAE04EC0-301F-11D3-BF4B-00C04F79EFBC}") = "Prototype", "Prototype\Prototype.csproj", "{9504627A-2C89-4334-BE9C-3A1CD69E9E7B}"
EndProject
Project("{FAE04EC0-301F-11D3-BF4B-00C04F79EFBC}") = "Façade", "Façade\Façade.csproj", "{358DB5EE-C5B3-4AD2-9FB7-3E136BA61F1F}"
EndProject
Project("{FAE04EC0-301F-11D3-BF4B-00C04F79EFBC}") = "Dicrector", "Dicrector\Dicrector.csproj", "{BDE786E4-90F1-4F5E-A584-B7506C90BB56}"
EndProject
Project("{FAE04EC0-301F-11D3-BF4B-00C04F79EFBC}") = "Observer", "Observer\Observer.csproj", "{EF5B084B-27B3-4F49-9A37-3295C1A31667}"
EndProject
Project("{FAE04EC0-301F-11D3-BF4B-00C04F79EFBC}") = "StatePattern", "StatePattern\StatePattern.csproj", "{7EC7A147-7F36-4EE9-92F1-EAE379DB6B35}"
EndProject
Project("{FAE04EC0-301F-11D3-BF4B-00C04F79EFBC}") = "Adapter", "Adapter\Adapter.csproj", "{43AA110F-518D-4BF4-98C4-EDE806E76714}"
EndProject
Project("{FAE04EC0-301F-11D3-BF4B-00C04F79EFBC}") = "Memento", "Memento\Memento.csproj", "{C17137F4-785F-4F73-96FF-975C673CD3E4}"
EndProject
Project("{FAE04EC0-301F-11D3-BF4B-00C04F79EFBC}") = "CompositePattern", "CompositePattern\CompositePattern.csproj", "{A22DC5D9-B2B1-4854-BBCD-AB6EE508539F}"
EndProject
Project("{FAE04EC0-301F-11D3-BF4B-00C04F79EFBC}") = "IteratorPattern", "IteratorPattern\IteratorPattern.csproj", "{A288CEF4-EE1F-47AE-905F-CB14D43734D2}"
EndProject
Project("{FAE04EC0-301F-11D3-BF4B-00C04F79EFBC}") = "SingletonPattern", "SingletonPattern\SingletonPattern.csproj", "{3606DCC0-E72E-4656-A840-666F9EF600B6}"
EndProject
Project("{FAE04EC0-301F-11D3-BF4B-00C04F79EFBC}") = "BridgePattern", "BridgePattern\BridgePattern.csproj", "{5CFEC75F-0128-4276-A3E0-7B8976C40E5D}"
EndProject
Project("{FAE04EC0-301F-11D3-BF4B-00C04F79EFBC}") = "CommandPattern", "CommandPattern\CommandPattern.csproj", "{7ADD72A0-C8A2-45C5-B180-4B2539B70A11}"
EndProject
Project("{FAE04EC0-301F-11D3-BF4B-00C04F79EFBC}") = "ChainOfResponsibility", "ChainOfResponsibility\ChainOfResponsibility.csproj", "{3B851DF9-D25D-46B8-8BBF-72A3A2029410}"
EndProject
Project("{FAE04EC0-301F-11D3-BF4B-00C04F79EFBC}") = "MediatorPattern", "MediatorPattern\MediatorPattern.csproj", "{8FCAE4E4-5E5D-4718-8ACE-303FB8A05E13}"
EndProject
Project("{FAE04EC0-301F-11D3-BF4B-00C04F79EFBC}") = "HttpModel", "HttpModel\HttpModel.csproj", "{2210FFB6-A700-47BA-801D-BD50931BAFDA}"
EndProject
Project("{FAE04EC0-301F-11D3-BF4B-00C04F79EFBC}") = "Async", "Async\Async.csproj", "{19893B6E-881A-4534-A584-67D241A4AA98}"
EndProject
Project("{2150E333-8FDC-42A3-9474-1A3956D46DE8}") = "Thread", "Thread", "{03962D39-576B-489E-8F29-9B6BD616B14D}"
EndProject
Project("{FAE04EC0-301F-11D3-BF4B-00C04F79EFBC}") = "SyncThread", "SyncThread\SyncThread.csproj", "{EA023E1D-47AC-4098-A3BC-BCFBD8EE9574}"
EndProject
Project("{FAE04EC0-301F-11D3-BF4B-00C04F79EFBC}") = "AsyncThread", "AsyncThread\AsyncThread.csproj", "{B4C4A8AE-D2F4-47DE-96ED-ED63E2096A0C}"
EndProject
Project("{2150E333-8FDC-42A3-9474-1A3956D46DE8}") = "CSInDepth", "CSInDepth", "{D718057A-C453-44B2-A693-380A6500C449}"
	ProjectSection(SolutionItems) = preProject
		C#InDepthNote.doc = C#InDepthNote.doc
	EndProjectSection
EndProject
Project("{FAE04EC0-301F-11D3-BF4B-00C04F79EFBC}") = "Part1", "Part1\Part1.csproj", "{7D681C09-21A3-440F-BCFE-382B31C3561B}"
EndProject
Project("{FAE04EC0-301F-11D3-BF4B-00C04F79EFBC}") = "Section2", "Section2\Section2.csproj", "{B629997B-A883-4E50-A2BD-7E722BA8EA1E}"
EndProject
Project("{FAE04EC0-301F-11D3-BF4B-00C04F79EFBC}") = "Section3", "Section3\Section3.csproj", "{98E7200B-0E2F-4809-9989-952512226E56}"
EndProject
Project("{FAE04EC0-301F-11D3-BF4B-00C04F79EFBC}") = "Section8", "Section8\Section8.csproj", "{689C8129-735C-45C8-868E-8A930047B8F2}"
EndProject
Project("{FAE04EC0-301F-11D3-BF4B-00C04F79EFBC}") = "section12", "section12\section12.csproj", "{DB9C3CDF-7AAC-4E96-965A-7B5397125AD5}"
EndProject
Project("{FAE04EC0-301F-11D3-BF4B-00C04F79EFBC}") = "Section13", "Section13\Section13.csproj", "{E1ADF65B-CDBB-4125-8B62-1F2836CFBD3B}"
EndProject
Project("{2150E333-8FDC-42A3-9474-1A3956D46DE8}") = "CLR", "CLR", "{FDEE53BA-5537-40FA-BDED-52AF50A143DE}"
	ProjectSection(SolutionItems) = preProject
		CLRNote.doc = CLRNote.doc
	EndProjectSection
EndProject
Project("{2150E333-8FDC-42A3-9474-1A3956D46DE8}") = "Easyui", "Easyui", "{97FD7B2C-958F-4640-8A39-DE810E01619E}"
EndProject
Project("{FAE04EC0-301F-11D3-BF4B-00C04F79EFBC}") = "EasyuiAjaxForm", "EasyuiAjaxForm\EasyuiAjaxForm.csproj", "{29748CA5-3F89-4B93-B821-2EF726547E12}"
EndProject
Project("{2150E333-8FDC-42A3-9474-1A3956D46DE8}") = "BB", "BB", "{2CB1150A-9602-4D62-9AA5-34F2CC47C222}"
EndProject
Project("{FAE04EC0-301F-11D3-BF4B-00C04F79EFBC}") = "SplitSpecialChar", "SplitSpecialChar\SplitSpecialChar.csproj", "{62BED165-B76B-43CD-B6F6-207273E35D74}"
EndProject
Project("{FAE04EC0-301F-11D3-BF4B-00C04F79EFBC}") = "RegularExpress", "RegularExpress\RegularExpress.csproj", "{D3653A3D-AD5F-47BF-9DD7-D14DFF928BC9}"
EndProject
Project("{FAE04EC0-301F-11D3-BF4B-00C04F79EFBC}") = "SQLServer", "SQLServer\SQLServer.csproj", "{8DF462CC-D00C-4FED-B554-C1BCA2AB0751}"
EndProject
Project("{FAE04EC0-301F-11D3-BF4B-00C04F79EFBC}") = "ThreadBase", "ThreadBase\ThreadBase.csproj", "{F8A57821-7563-4BFB-A610-BF3A87571B7E}"
EndProject
Project("{FAE04EC0-301F-11D3-BF4B-00C04F79EFBC}") = "DelegateAndEvents", "DelegateAndEvents\DelegateAndEvents.csproj", "{77C76200-30C5-4F15-9A33-90E1B1B6AFF8}"
EndProject
Project("{FAE04EC0-301F-11D3-BF4B-00C04F79EFBC}") = "ClassBase", "ClassBase\ClassBase.csproj", "{1A8C6719-0FD5-4180-832A-28C49A2EE6C5}"
EndProject
Project("{2150E333-8FDC-42A3-9474-1A3956D46DE8}") = "UML", "UML", "{82CA0B6A-CAAB-4A74-A6A1-B9217BAA48E7}"
EndProject
Project("{F088123C-0E9E-452A-89E6-6BA2F21D5CAC}") = "UMLStudy", "UMLStudy\UMLStudy.modelproj", "{6401CB48-A05E-454C-82EE-A490B709E857}"
EndProject
Project("{2150E333-8FDC-42A3-9474-1A3956D46DE8}") = "NotCategory", "NotCategory", "{5FCBB9A1-B7DB-42B8-98A1-51EE9D49DFB0}"
EndProject
Project("{FAE04EC0-301F-11D3-BF4B-00C04F79EFBC}") = "EntityFramworkEnum", "EntityFramworkEnum\EntityFramworkEnum.csproj", "{2EF9396D-455E-452B-BD65-92A9D2DE0ADD}"
EndProject
Project("{FAE04EC0-301F-11D3-BF4B-00C04F79EFBC}") = "EntityFrameworkCodefirst", "EntityFrameworkCodefirst\EntityFrameworkCodefirst.csproj", "{14D30624-EA93-401B-805A-C24162257DB7}"
EndProject
Project("{2150E333-8FDC-42A3-9474-1A3956D46DE8}") = "Unity", "Unity", "{41ED05CA-1C57-4AC0-A6B0-AC265D896B24}"
EndProject
Project("{FAE04EC0-301F-11D3-BF4B-00C04F79EFBC}") = "AOPOne", "AOPOne\AOPOne.csproj", "{87D43415-FBD1-4A6B-A877-0EC5DC64A25A}"
EndProject
Project("{FAE04EC0-301F-11D3-BF4B-00C04F79EFBC}") = "UnityStudy", "UnityStudy\UnityStudy.csproj", "{01290C62-D017-4496-BE5C-786A7084E764}"
EndProject
Project("{FAE04EC0-301F-11D3-BF4B-00C04F79EFBC}") = "UnityTest", "UnityTest\UnityTest.csproj", "{68C8E9B4-432C-4FAE-83ED-8ADF84D7D74F}"
EndProject
Project("{2150E333-8FDC-42A3-9474-1A3956D46DE8}") = "EnityFramework", "EnityFramework", "{F057E103-11C2-4FA8-8C8B-DC3A6328C4A2}"
EndProject
Project("{FAE04EC0-301F-11D3-BF4B-00C04F79EFBC}") = "FieldMapping", "FieldMapping\FieldMapping.csproj", "{5B2E3A0E-5DF7-4FD4-9ACA-E77443838407}"
EndProject
Project("{2150E333-8FDC-42A3-9474-1A3956D46DE8}") = "设计", "设计", "{61531258-A7DA-4D41-8448-93E48357CF18}"
EndProject
Project("{F088123C-0E9E-452A-89E6-6BA2F21D5CAC}") = "WX", "WX\WX.modelproj", "{83081CB5-2296-4AC8-8E71-60A9DA7C44F0}"
EndProject
Project("{FAE04EC0-301F-11D3-BF4B-00C04F79EFBC}") = "Yuesefu", "Yuesefu\Yuesefu.csproj", "{A143F769-E65C-4941-941B-86201817EC07}"
EndProject
Project("{FAE04EC0-301F-11D3-BF4B-00C04F79EFBC}") = "Mvc3Demo", "Mvc3Demo\Mvc3Demo.csproj", "{79B5E61C-BD73-41C5-8070-8CC9B9577DEE}"
EndProject
Project("{FAE04EC0-301F-11D3-BF4B-00C04F79EFBC}") = "ThreadLock", "ThreadLock\ThreadLock.csproj", "{26705114-ACFF-438A-A6EA-0276845A4B09}"
EndProject
Project("{FAE04EC0-301F-11D3-BF4B-00C04F79EFBC}") = "Constructor", "Constructor\Constructor.csproj", "{67F8189A-B5DB-44F0-AC62-81FD6918C7D2}"
EndProject
Project("{2150E333-8FDC-42A3-9474-1A3956D46DE8}") = "HTML5", "HTML5", "{5B4EEDAF-C0D5-42BA-8D4B-7D66718BD381}"
EndProject
Project("{FAE04EC0-301F-11D3-BF4B-00C04F79EFBC}") = "DevExtremeHTML5Test", "DevExtremeHTML5Test\DevExtremeHTML5Test.csproj", "{25685799-952E-49E2-9410-09C251942136}"
EndProject
Project("{FAE04EC0-301F-11D3-BF4B-00C04F79EFBC}") = "DevExtremeHTML5Test.Tests", "DevExtremeHTML5Test.Tests\DevExtremeHTML5Test.Tests.csproj", "{522279CC-F3F1-4BA2-B44D-EC1615E3145D}"
EndProject
Project("{FAE04EC0-301F-11D3-BF4B-00C04F79EFBC}") = "BootStrap", "BootStrap\BootStrap.csproj", "{D22A1BC7-BE6E-4AA2-9845-84B2E8D606C5}"
EndProject
Project("{FAE04EC0-301F-11D3-BF4B-00C04F79EFBC}") = "BootStrap.Tests", "BootStrap.Tests\BootStrap.Tests.csproj", "{7ACA95D8-FFFC-498C-9E7E-A932AEA72DE1}"
EndProject
Project("{FAE04EC0-301F-11D3-BF4B-00C04F79EFBC}") = "MultiLanguageRes", "MultiLanguageRes\MultiLanguageRes.csproj", "{DF43952D-BBF7-42AE-AC5C-21382C52A2F7}"
EndProject
Project("{FAE04EC0-301F-11D3-BF4B-00C04F79EFBC}") = "MultiLanguageRes.Tests", "MultiLanguageRes.Tests\MultiLanguageRes.Tests.csproj", "{5A668FC3-92E3-444B-AFD2-ABCBB7679EFD}"
EndProject
Global
	GlobalSection(SolutionConfigurationPlatforms) = preSolution
		Debug|Any CPU = Debug|Any CPU
		Release|Any CPU = Release|Any CPU
	EndGlobalSection
	GlobalSection(ProjectConfigurationPlatforms) = postSolution
		{3A0C576F-8F33-4F0B-B23F-D52EB77F044E}.Debug|Any CPU.ActiveCfg = Debug|Any CPU
		{3A0C576F-8F33-4F0B-B23F-D52EB77F044E}.Debug|Any CPU.Build.0 = Debug|Any CPU
		{3A0C576F-8F33-4F0B-B23F-D52EB77F044E}.Release|Any CPU.ActiveCfg = Release|Any CPU
		{3A0C576F-8F33-4F0B-B23F-D52EB77F044E}.Release|Any CPU.Build.0 = Release|Any CPU
		{84A1B74E-0601-4E9E-8B6A-B4D263B43F34}.Debug|Any CPU.ActiveCfg = Debug|Any CPU
		{84A1B74E-0601-4E9E-8B6A-B4D263B43F34}.Debug|Any CPU.Build.0 = Debug|Any CPU
		{84A1B74E-0601-4E9E-8B6A-B4D263B43F34}.Release|Any CPU.ActiveCfg = Release|Any CPU
		{84A1B74E-0601-4E9E-8B6A-B4D263B43F34}.Release|Any CPU.Build.0 = Release|Any CPU
		{9504627A-2C89-4334-BE9C-3A1CD69E9E7B}.Debug|Any CPU.ActiveCfg = Debug|Any CPU
		{9504627A-2C89-4334-BE9C-3A1CD69E9E7B}.Debug|Any CPU.Build.0 = Debug|Any CPU
		{9504627A-2C89-4334-BE9C-3A1CD69E9E7B}.Release|Any CPU.ActiveCfg = Release|Any CPU
		{9504627A-2C89-4334-BE9C-3A1CD69E9E7B}.Release|Any CPU.Build.0 = Release|Any CPU
		{358DB5EE-C5B3-4AD2-9FB7-3E136BA61F1F}.Debug|Any CPU.ActiveCfg = Debug|Any CPU
		{358DB5EE-C5B3-4AD2-9FB7-3E136BA61F1F}.Debug|Any CPU.Build.0 = Debug|Any CPU
		{358DB5EE-C5B3-4AD2-9FB7-3E136BA61F1F}.Release|Any CPU.ActiveCfg = Release|Any CPU
		{358DB5EE-C5B3-4AD2-9FB7-3E136BA61F1F}.Release|Any CPU.Build.0 = Release|Any CPU
		{BDE786E4-90F1-4F5E-A584-B7506C90BB56}.Debug|Any CPU.ActiveCfg = Debug|Any CPU
		{BDE786E4-90F1-4F5E-A584-B7506C90BB56}.Debug|Any CPU.Build.0 = Debug|Any CPU
		{BDE786E4-90F1-4F5E-A584-B7506C90BB56}.Release|Any CPU.ActiveCfg = Release|Any CPU
		{BDE786E4-90F1-4F5E-A584-B7506C90BB56}.Release|Any CPU.Build.0 = Release|Any CPU
		{EF5B084B-27B3-4F49-9A37-3295C1A31667}.Debug|Any CPU.ActiveCfg = Debug|Any CPU
		{EF5B084B-27B3-4F49-9A37-3295C1A31667}.Debug|Any CPU.Build.0 = Debug|Any CPU
		{EF5B084B-27B3-4F49-9A37-3295C1A31667}.Release|Any CPU.ActiveCfg = Release|Any CPU
		{EF5B084B-27B3-4F49-9A37-3295C1A31667}.Release|Any CPU.Build.0 = Release|Any CPU
		{7EC7A147-7F36-4EE9-92F1-EAE379DB6B35}.Debug|Any CPU.ActiveCfg = Debug|Any CPU
		{7EC7A147-7F36-4EE9-92F1-EAE379DB6B35}.Debug|Any CPU.Build.0 = Debug|Any CPU
		{7EC7A147-7F36-4EE9-92F1-EAE379DB6B35}.Release|Any CPU.ActiveCfg = Release|Any CPU
		{7EC7A147-7F36-4EE9-92F1-EAE379DB6B35}.Release|Any CPU.Build.0 = Release|Any CPU
		{43AA110F-518D-4BF4-98C4-EDE806E76714}.Debug|Any CPU.ActiveCfg = Debug|Any CPU
		{43AA110F-518D-4BF4-98C4-EDE806E76714}.Debug|Any CPU.Build.0 = Debug|Any CPU
		{43AA110F-518D-4BF4-98C4-EDE806E76714}.Release|Any CPU.ActiveCfg = Release|Any CPU
		{43AA110F-518D-4BF4-98C4-EDE806E76714}.Release|Any CPU.Build.0 = Release|Any CPU
		{C17137F4-785F-4F73-96FF-975C673CD3E4}.Debug|Any CPU.ActiveCfg = Debug|Any CPU
		{C17137F4-785F-4F73-96FF-975C673CD3E4}.Debug|Any CPU.Build.0 = Debug|Any CPU
		{C17137F4-785F-4F73-96FF-975C673CD3E4}.Release|Any CPU.ActiveCfg = Release|Any CPU
		{C17137F4-785F-4F73-96FF-975C673CD3E4}.Release|Any CPU.Build.0 = Release|Any CPU
		{A22DC5D9-B2B1-4854-BBCD-AB6EE508539F}.Debug|Any CPU.ActiveCfg = Debug|Any CPU
		{A22DC5D9-B2B1-4854-BBCD-AB6EE508539F}.Debug|Any CPU.Build.0 = Debug|Any CPU
		{A22DC5D9-B2B1-4854-BBCD-AB6EE508539F}.Release|Any CPU.ActiveCfg = Release|Any CPU
		{A22DC5D9-B2B1-4854-BBCD-AB6EE508539F}.Release|Any CPU.Build.0 = Release|Any CPU
		{A288CEF4-EE1F-47AE-905F-CB14D43734D2}.Debug|Any CPU.ActiveCfg = Debug|Any CPU
		{A288CEF4-EE1F-47AE-905F-CB14D43734D2}.Debug|Any CPU.Build.0 = Debug|Any CPU
		{A288CEF4-EE1F-47AE-905F-CB14D43734D2}.Release|Any CPU.ActiveCfg = Release|Any CPU
		{A288CEF4-EE1F-47AE-905F-CB14D43734D2}.Release|Any CPU.Build.0 = Release|Any CPU
		{3606DCC0-E72E-4656-A840-666F9EF600B6}.Debug|Any CPU.ActiveCfg = Debug|Any CPU
		{3606DCC0-E72E-4656-A840-666F9EF600B6}.Debug|Any CPU.Build.0 = Debug|Any CPU
		{3606DCC0-E72E-4656-A840-666F9EF600B6}.Release|Any CPU.ActiveCfg = Release|Any CPU
		{3606DCC0-E72E-4656-A840-666F9EF600B6}.Release|Any CPU.Build.0 = Release|Any CPU
		{5CFEC75F-0128-4276-A3E0-7B8976C40E5D}.Debug|Any CPU.ActiveCfg = Debug|Any CPU
		{5CFEC75F-0128-4276-A3E0-7B8976C40E5D}.Debug|Any CPU.Build.0 = Debug|Any CPU
		{5CFEC75F-0128-4276-A3E0-7B8976C40E5D}.Release|Any CPU.ActiveCfg = Release|Any CPU
		{5CFEC75F-0128-4276-A3E0-7B8976C40E5D}.Release|Any CPU.Build.0 = Release|Any CPU
		{7ADD72A0-C8A2-45C5-B180-4B2539B70A11}.Debug|Any CPU.ActiveCfg = Debug|Any CPU
		{7ADD72A0-C8A2-45C5-B180-4B2539B70A11}.Debug|Any CPU.Build.0 = Debug|Any CPU
		{7ADD72A0-C8A2-45C5-B180-4B2539B70A11}.Release|Any CPU.ActiveCfg = Release|Any CPU
		{7ADD72A0-C8A2-45C5-B180-4B2539B70A11}.Release|Any CPU.Build.0 = Release|Any CPU
		{3B851DF9-D25D-46B8-8BBF-72A3A2029410}.Debug|Any CPU.ActiveCfg = Debug|Any CPU
		{3B851DF9-D25D-46B8-8BBF-72A3A2029410}.Debug|Any CPU.Build.0 = Debug|Any CPU
		{3B851DF9-D25D-46B8-8BBF-72A3A2029410}.Release|Any CPU.ActiveCfg = Release|Any CPU
		{3B851DF9-D25D-46B8-8BBF-72A3A2029410}.Release|Any CPU.Build.0 = Release|Any CPU
		{8FCAE4E4-5E5D-4718-8ACE-303FB8A05E13}.Debug|Any CPU.ActiveCfg = Debug|Any CPU
		{8FCAE4E4-5E5D-4718-8ACE-303FB8A05E13}.Debug|Any CPU.Build.0 = Debug|Any CPU
		{8FCAE4E4-5E5D-4718-8ACE-303FB8A05E13}.Release|Any CPU.ActiveCfg = Release|Any CPU
		{8FCAE4E4-5E5D-4718-8ACE-303FB8A05E13}.Release|Any CPU.Build.0 = Release|Any CPU
		{2210FFB6-A700-47BA-801D-BD50931BAFDA}.Debug|Any CPU.ActiveCfg = Debug|Any CPU
		{2210FFB6-A700-47BA-801D-BD50931BAFDA}.Debug|Any CPU.Build.0 = Debug|Any CPU
		{2210FFB6-A700-47BA-801D-BD50931BAFDA}.Release|Any CPU.ActiveCfg = Release|Any CPU
		{2210FFB6-A700-47BA-801D-BD50931BAFDA}.Release|Any CPU.Build.0 = Release|Any CPU
		{19893B6E-881A-4534-A584-67D241A4AA98}.Debug|Any CPU.ActiveCfg = Debug|Any CPU
		{19893B6E-881A-4534-A584-67D241A4AA98}.Debug|Any CPU.Build.0 = Debug|Any CPU
		{19893B6E-881A-4534-A584-67D241A4AA98}.Release|Any CPU.ActiveCfg = Release|Any CPU
		{19893B6E-881A-4534-A584-67D241A4AA98}.Release|Any CPU.Build.0 = Release|Any CPU
		{EA023E1D-47AC-4098-A3BC-BCFBD8EE9574}.Debug|Any CPU.ActiveCfg = Debug|Any CPU
		{EA023E1D-47AC-4098-A3BC-BCFBD8EE9574}.Debug|Any CPU.Build.0 = Debug|Any CPU
		{EA023E1D-47AC-4098-A3BC-BCFBD8EE9574}.Release|Any CPU.ActiveCfg = Release|Any CPU
		{EA023E1D-47AC-4098-A3BC-BCFBD8EE9574}.Release|Any CPU.Build.0 = Release|Any CPU
		{B4C4A8AE-D2F4-47DE-96ED-ED63E2096A0C}.Debug|Any CPU.ActiveCfg = Debug|Any CPU
		{B4C4A8AE-D2F4-47DE-96ED-ED63E2096A0C}.Debug|Any CPU.Build.0 = Debug|Any CPU
		{B4C4A8AE-D2F4-47DE-96ED-ED63E2096A0C}.Release|Any CPU.ActiveCfg = Release|Any CPU
		{B4C4A8AE-D2F4-47DE-96ED-ED63E2096A0C}.Release|Any CPU.Build.0 = Release|Any CPU
		{7D681C09-21A3-440F-BCFE-382B31C3561B}.Debug|Any CPU.ActiveCfg = Debug|Any CPU
		{7D681C09-21A3-440F-BCFE-382B31C3561B}.Debug|Any CPU.Build.0 = Debug|Any CPU
		{7D681C09-21A3-440F-BCFE-382B31C3561B}.Release|Any CPU.ActiveCfg = Release|Any CPU
		{7D681C09-21A3-440F-BCFE-382B31C3561B}.Release|Any CPU.Build.0 = Release|Any CPU
		{B629997B-A883-4E50-A2BD-7E722BA8EA1E}.Debug|Any CPU.ActiveCfg = Debug|Any CPU
		{B629997B-A883-4E50-A2BD-7E722BA8EA1E}.Debug|Any CPU.Build.0 = Debug|Any CPU
		{B629997B-A883-4E50-A2BD-7E722BA8EA1E}.Release|Any CPU.ActiveCfg = Release|Any CPU
		{B629997B-A883-4E50-A2BD-7E722BA8EA1E}.Release|Any CPU.Build.0 = Release|Any CPU
		{98E7200B-0E2F-4809-9989-952512226E56}.Debug|Any CPU.ActiveCfg = Debug|Any CPU
		{98E7200B-0E2F-4809-9989-952512226E56}.Debug|Any CPU.Build.0 = Debug|Any CPU
		{98E7200B-0E2F-4809-9989-952512226E56}.Release|Any CPU.ActiveCfg = Release|Any CPU
		{98E7200B-0E2F-4809-9989-952512226E56}.Release|Any CPU.Build.0 = Release|Any CPU
		{689C8129-735C-45C8-868E-8A930047B8F2}.Debug|Any CPU.ActiveCfg = Debug|Any CPU
		{689C8129-735C-45C8-868E-8A930047B8F2}.Debug|Any CPU.Build.0 = Debug|Any CPU
		{689C8129-735C-45C8-868E-8A930047B8F2}.Release|Any CPU.ActiveCfg = Release|Any CPU
		{689C8129-735C-45C8-868E-8A930047B8F2}.Release|Any CPU.Build.0 = Release|Any CPU
		{DB9C3CDF-7AAC-4E96-965A-7B5397125AD5}.Debug|Any CPU.ActiveCfg = Debug|Any CPU
		{DB9C3CDF-7AAC-4E96-965A-7B5397125AD5}.Debug|Any CPU.Build.0 = Debug|Any CPU
		{DB9C3CDF-7AAC-4E96-965A-7B5397125AD5}.Release|Any CPU.ActiveCfg = Release|Any CPU
		{DB9C3CDF-7AAC-4E96-965A-7B5397125AD5}.Release|Any CPU.Build.0 = Release|Any CPU
		{E1ADF65B-CDBB-4125-8B62-1F2836CFBD3B}.Debug|Any CPU.ActiveCfg = Debug|Any CPU
		{E1ADF65B-CDBB-4125-8B62-1F2836CFBD3B}.Debug|Any CPU.Build.0 = Debug|Any CPU
		{E1ADF65B-CDBB-4125-8B62-1F2836CFBD3B}.Release|Any CPU.ActiveCfg = Release|Any CPU
		{E1ADF65B-CDBB-4125-8B62-1F2836CFBD3B}.Release|Any CPU.Build.0 = Release|Any CPU
		{29748CA5-3F89-4B93-B821-2EF726547E12}.Debug|Any CPU.ActiveCfg = Debug|Any CPU
		{29748CA5-3F89-4B93-B821-2EF726547E12}.Debug|Any CPU.Build.0 = Debug|Any CPU
		{29748CA5-3F89-4B93-B821-2EF726547E12}.Release|Any CPU.ActiveCfg = Release|Any CPU
		{29748CA5-3F89-4B93-B821-2EF726547E12}.Release|Any CPU.Build.0 = Release|Any CPU
		{62BED165-B76B-43CD-B6F6-207273E35D74}.Debug|Any CPU.ActiveCfg = Debug|Any CPU
		{62BED165-B76B-43CD-B6F6-207273E35D74}.Debug|Any CPU.Build.0 = Debug|Any CPU
		{62BED165-B76B-43CD-B6F6-207273E35D74}.Release|Any CPU.ActiveCfg = Release|Any CPU
		{62BED165-B76B-43CD-B6F6-207273E35D74}.Release|Any CPU.Build.0 = Release|Any CPU
		{D3653A3D-AD5F-47BF-9DD7-D14DFF928BC9}.Debug|Any CPU.ActiveCfg = Debug|Any CPU
		{D3653A3D-AD5F-47BF-9DD7-D14DFF928BC9}.Debug|Any CPU.Build.0 = Debug|Any CPU
		{D3653A3D-AD5F-47BF-9DD7-D14DFF928BC9}.Release|Any CPU.ActiveCfg = Release|Any CPU
		{D3653A3D-AD5F-47BF-9DD7-D14DFF928BC9}.Release|Any CPU.Build.0 = Release|Any CPU
		{8DF462CC-D00C-4FED-B554-C1BCA2AB0751}.Debug|Any CPU.ActiveCfg = Debug|Any CPU
		{8DF462CC-D00C-4FED-B554-C1BCA2AB0751}.Debug|Any CPU.Build.0 = Debug|Any CPU
		{8DF462CC-D00C-4FED-B554-C1BCA2AB0751}.Release|Any CPU.ActiveCfg = Release|Any CPU
		{8DF462CC-D00C-4FED-B554-C1BCA2AB0751}.Release|Any CPU.Build.0 = Release|Any CPU
		{F8A57821-7563-4BFB-A610-BF3A87571B7E}.Debug|Any CPU.ActiveCfg = Debug|Any CPU
		{F8A57821-7563-4BFB-A610-BF3A87571B7E}.Debug|Any CPU.Build.0 = Debug|Any CPU
		{F8A57821-7563-4BFB-A610-BF3A87571B7E}.Release|Any CPU.ActiveCfg = Release|Any CPU
		{F8A57821-7563-4BFB-A610-BF3A87571B7E}.Release|Any CPU.Build.0 = Release|Any CPU
		{77C76200-30C5-4F15-9A33-90E1B1B6AFF8}.Debug|Any CPU.ActiveCfg = Debug|Any CPU
		{77C76200-30C5-4F15-9A33-90E1B1B6AFF8}.Debug|Any CPU.Build.0 = Debug|Any CPU
		{77C76200-30C5-4F15-9A33-90E1B1B6AFF8}.Release|Any CPU.ActiveCfg = Release|Any CPU
		{77C76200-30C5-4F15-9A33-90E1B1B6AFF8}.Release|Any CPU.Build.0 = Release|Any CPU
		{1A8C6719-0FD5-4180-832A-28C49A2EE6C5}.Debug|Any CPU.ActiveCfg = Debug|Any CPU
		{1A8C6719-0FD5-4180-832A-28C49A2EE6C5}.Debug|Any CPU.Build.0 = Debug|Any CPU
		{1A8C6719-0FD5-4180-832A-28C49A2EE6C5}.Release|Any CPU.ActiveCfg = Release|Any CPU
		{1A8C6719-0FD5-4180-832A-28C49A2EE6C5}.Release|Any CPU.Build.0 = Release|Any CPU
		{6401CB48-A05E-454C-82EE-A490B709E857}.Debug|Any CPU.ActiveCfg = Debug|Any CPU
		{6401CB48-A05E-454C-82EE-A490B709E857}.Debug|Any CPU.Build.0 = Debug|Any CPU
		{6401CB48-A05E-454C-82EE-A490B709E857}.Release|Any CPU.ActiveCfg = Release|Any CPU
		{6401CB48-A05E-454C-82EE-A490B709E857}.Release|Any CPU.Build.0 = Release|Any CPU
		{2EF9396D-455E-452B-BD65-92A9D2DE0ADD}.Debug|Any CPU.ActiveCfg = Debug|Any CPU
		{2EF9396D-455E-452B-BD65-92A9D2DE0ADD}.Debug|Any CPU.Build.0 = Debug|Any CPU
		{2EF9396D-455E-452B-BD65-92A9D2DE0ADD}.Release|Any CPU.ActiveCfg = Release|Any CPU
		{2EF9396D-455E-452B-BD65-92A9D2DE0ADD}.Release|Any CPU.Build.0 = Release|Any CPU
		{14D30624-EA93-401B-805A-C24162257DB7}.Debug|Any CPU.ActiveCfg = Debug|Any CPU
		{14D30624-EA93-401B-805A-C24162257DB7}.Debug|Any CPU.Build.0 = Debug|Any CPU
		{14D30624-EA93-401B-805A-C24162257DB7}.Release|Any CPU.ActiveCfg = Release|Any CPU
		{14D30624-EA93-401B-805A-C24162257DB7}.Release|Any CPU.Build.0 = Release|Any CPU
		{87D43415-FBD1-4A6B-A877-0EC5DC64A25A}.Debug|Any CPU.ActiveCfg = Debug|Any CPU
		{87D43415-FBD1-4A6B-A877-0EC5DC64A25A}.Debug|Any CPU.Build.0 = Debug|Any CPU
		{87D43415-FBD1-4A6B-A877-0EC5DC64A25A}.Release|Any CPU.ActiveCfg = Release|Any CPU
		{87D43415-FBD1-4A6B-A877-0EC5DC64A25A}.Release|Any CPU.Build.0 = Release|Any CPU
		{01290C62-D017-4496-BE5C-786A7084E764}.Debug|Any CPU.ActiveCfg = Debug|Any CPU
		{01290C62-D017-4496-BE5C-786A7084E764}.Debug|Any CPU.Build.0 = Debug|Any CPU
		{01290C62-D017-4496-BE5C-786A7084E764}.Release|Any CPU.ActiveCfg = Release|Any CPU
		{01290C62-D017-4496-BE5C-786A7084E764}.Release|Any CPU.Build.0 = Release|Any CPU
		{68C8E9B4-432C-4FAE-83ED-8ADF84D7D74F}.Debug|Any CPU.ActiveCfg = Debug|Any CPU
		{68C8E9B4-432C-4FAE-83ED-8ADF84D7D74F}.Debug|Any CPU.Build.0 = Debug|Any CPU
		{68C8E9B4-432C-4FAE-83ED-8ADF84D7D74F}.Release|Any CPU.ActiveCfg = Release|Any CPU
		{68C8E9B4-432C-4FAE-83ED-8ADF84D7D74F}.Release|Any CPU.Build.0 = Release|Any CPU
		{5B2E3A0E-5DF7-4FD4-9ACA-E77443838407}.Debug|Any CPU.ActiveCfg = Debug|Any CPU
		{5B2E3A0E-5DF7-4FD4-9ACA-E77443838407}.Debug|Any CPU.Build.0 = Debug|Any CPU
		{5B2E3A0E-5DF7-4FD4-9ACA-E77443838407}.Release|Any CPU.ActiveCfg = Release|Any CPU
		{5B2E3A0E-5DF7-4FD4-9ACA-E77443838407}.Release|Any CPU.Build.0 = Release|Any CPU
		{83081CB5-2296-4AC8-8E71-60A9DA7C44F0}.Debug|Any CPU.ActiveCfg = Debug|Any CPU
		{83081CB5-2296-4AC8-8E71-60A9DA7C44F0}.Debug|Any CPU.Build.0 = Debug|Any CPU
		{83081CB5-2296-4AC8-8E71-60A9DA7C44F0}.Release|Any CPU.ActiveCfg = Release|Any CPU
		{83081CB5-2296-4AC8-8E71-60A9DA7C44F0}.Release|Any CPU.Build.0 = Release|Any CPU
		{A143F769-E65C-4941-941B-86201817EC07}.Debug|Any CPU.ActiveCfg = Debug|Any CPU
		{A143F769-E65C-4941-941B-86201817EC07}.Debug|Any CPU.Build.0 = Debug|Any CPU
		{A143F769-E65C-4941-941B-86201817EC07}.Release|Any CPU.ActiveCfg = Release|Any CPU
		{A143F769-E65C-4941-941B-86201817EC07}.Release|Any CPU.Build.0 = Release|Any CPU
		{79B5E61C-BD73-41C5-8070-8CC9B9577DEE}.Debug|Any CPU.ActiveCfg = Debug|Any CPU
		{79B5E61C-BD73-41C5-8070-8CC9B9577DEE}.Debug|Any CPU.Build.0 = Debug|Any CPU
		{79B5E61C-BD73-41C5-8070-8CC9B9577DEE}.Release|Any CPU.ActiveCfg = Release|Any CPU
		{79B5E61C-BD73-41C5-8070-8CC9B9577DEE}.Release|Any CPU.Build.0 = Release|Any CPU
		{26705114-ACFF-438A-A6EA-0276845A4B09}.Debug|Any CPU.ActiveCfg = Debug|Any CPU
		{26705114-ACFF-438A-A6EA-0276845A4B09}.Debug|Any CPU.Build.0 = Debug|Any CPU
		{26705114-ACFF-438A-A6EA-0276845A4B09}.Release|Any CPU.ActiveCfg = Release|Any CPU
		{26705114-ACFF-438A-A6EA-0276845A4B09}.Release|Any CPU.Build.0 = Release|Any CPU
		{67F8189A-B5DB-44F0-AC62-81FD6918C7D2}.Debug|Any CPU.ActiveCfg = Debug|Any CPU
		{67F8189A-B5DB-44F0-AC62-81FD6918C7D2}.Debug|Any CPU.Build.0 = Debug|Any CPU
		{67F8189A-B5DB-44F0-AC62-81FD6918C7D2}.Release|Any CPU.ActiveCfg = Release|Any CPU
		{67F8189A-B5DB-44F0-AC62-81FD6918C7D2}.Release|Any CPU.Build.0 = Release|Any CPU
		{25685799-952E-49E2-9410-09C251942136}.Debug|Any CPU.ActiveCfg = Debug|Any CPU
		{25685799-952E-49E2-9410-09C251942136}.Debug|Any CPU.Build.0 = Debug|Any CPU
		{25685799-952E-49E2-9410-09C251942136}.Release|Any CPU.ActiveCfg = Release|Any CPU
		{25685799-952E-49E2-9410-09C251942136}.Release|Any CPU.Build.0 = Release|Any CPU
		{522279CC-F3F1-4BA2-B44D-EC1615E3145D}.Debug|Any CPU.ActiveCfg = Debug|Any CPU
		{522279CC-F3F1-4BA2-B44D-EC1615E3145D}.Debug|Any CPU.Build.0 = Debug|Any CPU
		{522279CC-F3F1-4BA2-B44D-EC1615E3145D}.Release|Any CPU.ActiveCfg = Release|Any CPU
		{522279CC-F3F1-4BA2-B44D-EC1615E3145D}.Release|Any CPU.Build.0 = Release|Any CPU
		{D22A1BC7-BE6E-4AA2-9845-84B2E8D606C5}.Debug|Any CPU.ActiveCfg = Debug|Any CPU
		{D22A1BC7-BE6E-4AA2-9845-84B2E8D606C5}.Debug|Any CPU.Build.0 = Debug|Any CPU
		{D22A1BC7-BE6E-4AA2-9845-84B2E8D606C5}.Release|Any CPU.ActiveCfg = Release|Any CPU
		{D22A1BC7-BE6E-4AA2-9845-84B2E8D606C5}.Release|Any CPU.Build.0 = Release|Any CPU
		{7ACA95D8-FFFC-498C-9E7E-A932AEA72DE1}.Debug|Any CPU.ActiveCfg = Debug|Any CPU
		{7ACA95D8-FFFC-498C-9E7E-A932AEA72DE1}.Debug|Any CPU.Build.0 = Debug|Any CPU
		{7ACA95D8-FFFC-498C-9E7E-A932AEA72DE1}.Release|Any CPU.ActiveCfg = Release|Any CPU
		{7ACA95D8-FFFC-498C-9E7E-A932AEA72DE1}.Release|Any CPU.Build.0 = Release|Any CPU
		{DF43952D-BBF7-42AE-AC5C-21382C52A2F7}.Debug|Any CPU.ActiveCfg = Debug|Any CPU
		{DF43952D-BBF7-42AE-AC5C-21382C52A2F7}.Debug|Any CPU.Build.0 = Debug|Any CPU
		{DF43952D-BBF7-42AE-AC5C-21382C52A2F7}.Release|Any CPU.ActiveCfg = Release|Any CPU
		{DF43952D-BBF7-42AE-AC5C-21382C52A2F7}.Release|Any CPU.Build.0 = Release|Any CPU
		{5A668FC3-92E3-444B-AFD2-ABCBB7679EFD}.Debug|Any CPU.ActiveCfg = Debug|Any CPU
		{5A668FC3-92E3-444B-AFD2-ABCBB7679EFD}.Debug|Any CPU.Build.0 = Debug|Any CPU
		{5A668FC3-92E3-444B-AFD2-ABCBB7679EFD}.Release|Any CPU.ActiveCfg = Release|Any CPU
		{5A668FC3-92E3-444B-AFD2-ABCBB7679EFD}.Release|Any CPU.Build.0 = Release|Any CPU
	EndGlobalSection
	GlobalSection(SolutionProperties) = preSolution
		HideSolutionNode = FALSE
	EndGlobalSection
	GlobalSection(NestedProjects) = preSolution
		{84A1B74E-0601-4E9E-8B6A-B4D263B43F34} = {7393BD02-BE9E-4B82-8248-059612A2A5BA}
		{9504627A-2C89-4334-BE9C-3A1CD69E9E7B} = {7393BD02-BE9E-4B82-8248-059612A2A5BA}
		{358DB5EE-C5B3-4AD2-9FB7-3E136BA61F1F} = {7393BD02-BE9E-4B82-8248-059612A2A5BA}
		{BDE786E4-90F1-4F5E-A584-B7506C90BB56} = {7393BD02-BE9E-4B82-8248-059612A2A5BA}
		{EF5B084B-27B3-4F49-9A37-3295C1A31667} = {7393BD02-BE9E-4B82-8248-059612A2A5BA}
		{7EC7A147-7F36-4EE9-92F1-EAE379DB6B35} = {7393BD02-BE9E-4B82-8248-059612A2A5BA}
		{43AA110F-518D-4BF4-98C4-EDE806E76714} = {7393BD02-BE9E-4B82-8248-059612A2A5BA}
		{C17137F4-785F-4F73-96FF-975C673CD3E4} = {7393BD02-BE9E-4B82-8248-059612A2A5BA}
		{A22DC5D9-B2B1-4854-BBCD-AB6EE508539F} = {7393BD02-BE9E-4B82-8248-059612A2A5BA}
		{A288CEF4-EE1F-47AE-905F-CB14D43734D2} = {7393BD02-BE9E-4B82-8248-059612A2A5BA}
		{3606DCC0-E72E-4656-A840-666F9EF600B6} = {7393BD02-BE9E-4B82-8248-059612A2A5BA}
		{5CFEC75F-0128-4276-A3E0-7B8976C40E5D} = {7393BD02-BE9E-4B82-8248-059612A2A5BA}
		{7ADD72A0-C8A2-45C5-B180-4B2539B70A11} = {7393BD02-BE9E-4B82-8248-059612A2A5BA}
		{3B851DF9-D25D-46B8-8BBF-72A3A2029410} = {7393BD02-BE9E-4B82-8248-059612A2A5BA}
		{8FCAE4E4-5E5D-4718-8ACE-303FB8A05E13} = {7393BD02-BE9E-4B82-8248-059612A2A5BA}
		{2210FFB6-A700-47BA-801D-BD50931BAFDA} = {7393BD02-BE9E-4B82-8248-059612A2A5BA}
		{19893B6E-881A-4534-A584-67D241A4AA98} = {7393BD02-BE9E-4B82-8248-059612A2A5BA}
		{EA023E1D-47AC-4098-A3BC-BCFBD8EE9574} = {03962D39-576B-489E-8F29-9B6BD616B14D}
		{B4C4A8AE-D2F4-47DE-96ED-ED63E2096A0C} = {03962D39-576B-489E-8F29-9B6BD616B14D}
		{F8A57821-7563-4BFB-A610-BF3A87571B7E} = {03962D39-576B-489E-8F29-9B6BD616B14D}
		{26705114-ACFF-438A-A6EA-0276845A4B09} = {03962D39-576B-489E-8F29-9B6BD616B14D}
		{7D681C09-21A3-440F-BCFE-382B31C3561B} = {D718057A-C453-44B2-A693-380A6500C449}
		{B629997B-A883-4E50-A2BD-7E722BA8EA1E} = {D718057A-C453-44B2-A693-380A6500C449}
		{98E7200B-0E2F-4809-9989-952512226E56} = {D718057A-C453-44B2-A693-380A6500C449}
		{689C8129-735C-45C8-868E-8A930047B8F2} = {D718057A-C453-44B2-A693-380A6500C449}
		{DB9C3CDF-7AAC-4E96-965A-7B5397125AD5} = {D718057A-C453-44B2-A693-380A6500C449}
		{E1ADF65B-CDBB-4125-8B62-1F2836CFBD3B} = {D718057A-C453-44B2-A693-380A6500C449}
		{29748CA5-3F89-4B93-B821-2EF726547E12} = {97FD7B2C-958F-4640-8A39-DE810E01619E}
		{62BED165-B76B-43CD-B6F6-207273E35D74} = {2CB1150A-9602-4D62-9AA5-34F2CC47C222}
		{D3653A3D-AD5F-47BF-9DD7-D14DFF928BC9} = {2CB1150A-9602-4D62-9AA5-34F2CC47C222}
		{8DF462CC-D00C-4FED-B554-C1BCA2AB0751} = {2CB1150A-9602-4D62-9AA5-34F2CC47C222}
		{77C76200-30C5-4F15-9A33-90E1B1B6AFF8} = {2CB1150A-9602-4D62-9AA5-34F2CC47C222}
		{1A8C6719-0FD5-4180-832A-28C49A2EE6C5} = {2CB1150A-9602-4D62-9AA5-34F2CC47C222}
		{A143F769-E65C-4941-941B-86201817EC07} = {2CB1150A-9602-4D62-9AA5-34F2CC47C222}
		{67F8189A-B5DB-44F0-AC62-81FD6918C7D2} = {2CB1150A-9602-4D62-9AA5-34F2CC47C222}
		{DF43952D-BBF7-42AE-AC5C-21382C52A2F7} = {2CB1150A-9602-4D62-9AA5-34F2CC47C222}
		{5A668FC3-92E3-444B-AFD2-ABCBB7679EFD} = {2CB1150A-9602-4D62-9AA5-34F2CC47C222}
		{6401CB48-A05E-454C-82EE-A490B709E857} = {82CA0B6A-CAAB-4A74-A6A1-B9217BAA48E7}
		{2EF9396D-455E-452B-BD65-92A9D2DE0ADD} = {5FCBB9A1-B7DB-42B8-98A1-51EE9D49DFB0}
		{14D30624-EA93-401B-805A-C24162257DB7} = {5FCBB9A1-B7DB-42B8-98A1-51EE9D49DFB0}
		{87D43415-FBD1-4A6B-A877-0EC5DC64A25A} = {41ED05CA-1C57-4AC0-A6B0-AC265D896B24}
		{01290C62-D017-4496-BE5C-786A7084E764} = {41ED05CA-1C57-4AC0-A6B0-AC265D896B24}
		{68C8E9B4-432C-4FAE-83ED-8ADF84D7D74F} = {41ED05CA-1C57-4AC0-A6B0-AC265D896B24}
		{5B2E3A0E-5DF7-4FD4-9ACA-E77443838407} = {F057E103-11C2-4FA8-8C8B-DC3A6328C4A2}
		{83081CB5-2296-4AC8-8E71-60A9DA7C44F0} = {61531258-A7DA-4D41-8448-93E48357CF18}
		{25685799-952E-49E2-9410-09C251942136} = {5B4EEDAF-C0D5-42BA-8D4B-7D66718BD381}
		{522279CC-F3F1-4BA2-B44D-EC1615E3145D} = {5B4EEDAF-C0D5-42BA-8D4B-7D66718BD381}
		{D22A1BC7-BE6E-4AA2-9845-84B2E8D606C5} = {5B4EEDAF-C0D5-42BA-8D4B-7D66718BD381}
		{7ACA95D8-FFFC-498C-9E7E-A932AEA72DE1} = {5B4EEDAF-C0D5-42BA-8D4B-7D66718BD381}
	EndGlobalSection
	GlobalSection(ExtensibilityGlobals) = postSolution
		EnterpriseLibraryConfigurationToolBinariesPath = packages\Unity.2.1.505.2\lib\NET35;packages\Unity.2.1.505.0\lib\NET35;packages\Unity.Interception.2.1.505.2\lib\NET35
	EndGlobalSection
	GlobalSection(Performance) = preSolution
		HasPerformanceSessions = true
	EndGlobalSection
EndGlobal
